// !$*UTF8*$!
{
	archiveVersion = 1;
	classes = {
	};
	objectVersion = 46;
	objects = {

/* Begin PBXBuildFile section */
		A35D75EE1BF46ECB00BD7CB7 /* main.m in Sources */ = {isa = PBXBuildFile; fileRef = A35D75ED1BF46ECB00BD7CB7 /* main.m */; };
		A35D75F11BF46ECB00BD7CB7 /* AppDelegate.m in Sources */ = {isa = PBXBuildFile; fileRef = A35D75F01BF46ECB00BD7CB7 /* AppDelegate.m */; };
		A35D75F41BF46ECB00BD7CB7 /* ViewController.m in Sources */ = {isa = PBXBuildFile; fileRef = A35D75F31BF46ECB00BD7CB7 /* ViewController.m */; };
		A35D75F71BF46ECB00BD7CB7 /* Main.storyboard in Resources */ = {isa = PBXBuildFile; fileRef = A35D75F51BF46ECB00BD7CB7 /* Main.storyboard */; };
		A35D75F91BF46ECB00BD7CB7 /* Assets.xcassets in Resources */ = {isa = PBXBuildFile; fileRef = A35D75F81BF46ECB00BD7CB7 /* Assets.xcassets */; };
		A35D75FC1BF46ECB00BD7CB7 /* LaunchScreen.storyboard in Resources */ = {isa = PBXBuildFile; fileRef = A35D75FA1BF46ECB00BD7CB7 /* LaunchScreen.storyboard */; };
		A35D76051BF46FE800BD7CB7 /* AJView.m in Sources */ = {isa = PBXBuildFile; fileRef = A35D76041BF46FE800BD7CB7 /* AJView.m */; settings = {ASSET_TAGS = (); }; };
/* End PBXBuildFile section */

/* Begin PBXFileReference section */
		A35D75E91BF46ECB00BD7CB7 /* 自定义类似AlertViewController的效果.app */ = {isa = PBXFileReference; explicitFileType = wrapper.application; includeInIndex = 0; path = "自定义类似AlertViewController的效果.app"; sourceTree = BUILT_PRODUCTS_DIR; };
		A35D75ED1BF46ECB00BD7CB7 /* main.m */ = {isa = PBXFileReference; lastKnownFileType = sourcecode.c.objc; path = main.m; sourceTree = "<group>"; };
		A35D75EF1BF46ECB00BD7CB7 /* AppDelegate.h */ = {isa = PBXFileReference; lastKnownFileType = sourcecode.c.h; path = AppDelegate.h; sourceTree = "<group>"; };
		A35D75F01BF46ECB00BD7CB7 /* AppDelegate.m */ = {isa = PBXFileReference; lastKnownFileType = sourcecode.c.objc; path = AppDelegate.m; sourceTree = "<group>"; };
		A35D75F21BF46ECB00BD7CB7 /* ViewController.h */ = {isa = PBXFileReference; lastKnownFileType = sourcecode.c.h; path = ViewController.h; sourceTree = "<group>"; };
		A35D75F31BF46ECB00BD7CB7 /* ViewController.m */ = {isa = PBXFileReference; lastKnownFileType = sourcecode.c.objc; path = ViewController.m; sourceTree = "<group>"; };
		A35D75F61BF46ECB00BD7CB7 /* Base */ = {isa = PBXFileReference; lastKnownFileType = file.storyboard; name = Base; path = Base.lproj/Main.storyboard; sourceTree = "<group>"; };
		A35D75F81BF46ECB00BD7CB7 /* Assets.xcassets */ = {isa = PBXFileReference; lastKnownFileType = folder.assetcatalog; path = Assets.xcassets; sourceTree = "<group>"; };
		A35D75FB1BF46ECB00BD7CB7 /* Base */ = {isa = PBXFileReference; lastKnownFileType = file.storyboard; name = Base; path = Base.lproj/LaunchScreen.storyboard; sourceTree = "<group>"; };
		A35D75FD1BF46ECB00BD7CB7 /* Info.plist */ = {isa = PBXFileReference; lastKnownFileType = text.plist.xml; path = Info.plist; sourceTree = "<group>"; };
		A35D76031BF46FE800BD7CB7 /* AJView.h */ = {isa = PBXFileReference; fileEncoding = 4; lastKnownFileType = sourcecode.c.h; path = AJView.h; sourceTree = "<group>"; };
		A35D76041BF46FE800BD7CB7 /* AJView.m */ = {isa = PBXFileReference; fileEncoding = 4; lastKnownFileType = sourcecode.c.objc; path = AJView.m; sourceTree = "<group>"; };
/* End PBXFileReference section */

/* Begin PBXFrameworksBuildPhase section */
		A35D75E61BF46ECB00BD7CB7 /* Frameworks */ = {
			isa = PBXFrameworksBuildPhase;
			buildActionMask = 2147483647;
			files = (
			);
			runOnlyForDeploymentPostprocessing = 0;
		};
/* End PBXFrameworksBuildPhase section */

/* Begin PBXGroup section */
		A35D75E01BF46ECB00BD7CB7 = {
			isa = PBXGroup;
			children = (
				A35D75EB1BF46ECB00BD7CB7 /* 自定义类似AlertViewController的效果 */,
				A35D75EA1BF46ECB00BD7CB7 /* Products */,
			);
			sourceTree = "<group>";
		};
		A35D75EA1BF46ECB00BD7CB7 /* Products */ = {
			isa = PBXGroup;
			children = (
				A35D75E91BF46ECB00BD7CB7 /* 自定义类似AlertViewController的效果.app */,
			);
			name = Products;
			sourceTree = "<group>";
		};
		A35D75EB1BF46ECB00BD7CB7 /* 自定义类似AlertViewController的效果 */ = {
			isa = PBXGroup;
			children = (
				A35D75EF1BF46ECB00BD7CB7 /* AppDelegate.h */,
				A35D75F01BF46ECB00BD7CB7 /* AppDelegate.m */,
				A35D75F21BF46ECB00BD7CB7 /* ViewController.h */,
				A35D75F31BF46ECB00BD7CB7 /* ViewController.m */,
				A35D75F51BF46ECB00BD7CB7 /* Main.storyboard */,
				A35D75F81BF46ECB00BD7CB7 /* Assets.xcassets */,
				A35D75FA1BF46ECB00BD7CB7 /* LaunchScreen.storyboard */,
				A35D75FD1BF46ECB00BD7CB7 /* Info.plist */,
				A35D75EC1BF46ECB00BD7CB7 /* Supporting Files */,
			);
			path = "自定义类似AlertViewController的效果";
			sourceTree = "<group>";
		};
		A35D75EC1BF46ECB00BD7CB7 /* Supporting Files */ = {
			isa = PBXGroup;
			children = (
				A35D76031BF46FE800BD7CB7 /* AJView.h */,
				A35D76041BF46FE800BD7CB7 /* AJView.m */,
				A35D75ED1BF46ECB00BD7CB7 /* main.m */,
			);
			name = "Supporting Files";
			sourceTree = "<group>";
		};
/* End PBXGroup section */

/* Begin PBXNativeTarget section */
		A35D75E81BF46ECB00BD7CB7 /* 自定义类似AlertViewController的效果 */ = {
			isa = PBXNativeTarget;
			buildConfigurationList = A35D76001BF46ECB00BD7CB7 /* Build configuration list for PBXNativeTarget "自定义类似AlertViewController的效果" */;
			buildPhases = (
				A35D75E51BF46ECB00BD7CB7 /* Sources */,
				A35D75E61BF46ECB00BD7CB7 /* Frameworks */,
				A35D75E71BF46ECB00BD7CB7 /* Resources */,
			);
			buildRules = (
			);
			dependencies = (
			);
			name = "自定义类似AlertViewController的效果";
			productName = "自定义类似AlertViewController的效果";
			productReference = A35D75E91BF46ECB00BD7CB7 /* 自定义类似AlertViewController的效果.app */;
			productType = "com.apple.product-type.application";
		};
/* End PBXNativeTarget section */

/* Begin PBXProject section */
		A35D75E11BF46ECB00BD7CB7 /* Project object */ = {
			isa = PBXProject;
			attributes = {
				LastUpgradeCheck = 0700;
				ORGANIZATIONNAME = "艾葭";
				TargetAttributes = {
					A35D75E81BF46ECB00BD7CB7 = {
						CreatedOnToolsVersion = 7.0.1;
					};
				};
			};
			buildConfigurationList = A35D75E41BF46ECB00BD7CB7 /* Build configuration list for PBXProject "自定义类似AlertViewController的效果" */;
			compatibilityVersion = "Xcode 3.2";
			developmentRegion = English;
			hasScannedForEncodings = 0;
			knownRegions = (
				en,
				Base,
			);
			mainGroup = A35D75E01BF46ECB00BD7CB7;
			productRefGroup = A35D75EA1BF46ECB00BD7CB7 /* Products */;
			projectDirPath = "";
			projectRoot = "";
			targets = (
				A35D75E81BF46ECB00BD7CB7 /* 自定义类似AlertViewController的效果 */,
			);
		};
/* End PBXProject section */

/* Begin PBXResourcesBuildPhase section */
		A35D75E71BF46ECB00BD7CB7 /* Resources */ = {
			isa = PBXResourcesBuildPhase;
			buildActionMask = 2147483647;
			files = (
				A35D75FC1BF46ECB00BD7CB7 /* LaunchScreen.storyboard in Resources */,
				A35D75F91BF46ECB00BD7CB7 /* Assets.xcassets in Resources */,
				A35D75F71BF46ECB00BD7CB7 /* Main.storyboard in Resources */,
			);
			runOnlyForDeploymentPostprocessing = 0;
		};
/* End PBXResourcesBuildPhase section */

/* Begin PBXSourcesBuildPhase section */
		A35D75E51BF46ECB00BD7CB7 /* Sources */ = {
			isa = PBXSourcesBuildPhase;
			buildActionMask = 2147483647;
			files = (
				A35D75F41BF46ECB00BD7CB7 /* ViewController.m in Sources */,
				A35D76051BF46FE800BD7CB7 /* AJView.m in Sources */,
				A35D75F11BF46ECB00BD7CB7 /* AppDelegate.m in Sources */,
				A35D75EE1BF46ECB00BD7CB7 /* main.m in Sources */,
			);
			runOnlyForDeploymentPostprocessing = 0;
		};
/* End PBXSourcesBuildPhase section */

/* Begin PBXVariantGroup section */
		A35D75F51BF46ECB00BD7CB7 /* Main.storyboard */ = {
			isa = PBXVariantGroup;
			children = (
				A35D75F61BF46ECB00BD7CB7 /* Base */,
			);
			name = Main.storyboard;
			sourceTree = "<group>";
		};
		A35D75FA1BF46ECB00BD7CB7 /* LaunchScreen.storyboard */ = {
			isa = PBXVariantGroup;
			children = (
				A35D75FB1BF46ECB00BD7CB7 /* Base */,
			);
			name = LaunchScreen.storyboard;
			sourceTree = "<group>";
		};
/* End PBXVariantGroup section */

/* Begin XCBuildConfiguration section */
		A35D75FE1BF46ECB00BD7CB7 /* Debug */ = {
			isa = XCBuildConfiguration;
			buildSettings = {
				ALWAYS_SEARCH_USER_PATHS = NO;
				CLANG_CXX_LANGUAGE_STANDARD = "gnu++0x";
				CLANG_CXX_LIBRARY = "libc++";
				CLANG_ENABLE_MODULES = YES;
				CLANG_ENABLE_OBJC_ARC = YES;
				CLANG_WARN_BOOL_CONVERSION = YES;
				CLANG_WARN_CONSTANT_CONVERSION = YES;
				CLANG_WARN_DIRECT_OBJC_ISA_USAGE = YES_ERROR;
				CLANG_WARN_EMPTY_BODY = YES;
				CLANG_WARN_ENUM_CONVERSION = YES;
				CLANG_WARN_INT_CONVERSION = YES;
				CLANG_WARN_OBJC_ROOT_CLASS = YES_ERROR;
				CLANG_WARN_UNREACHABLE_CODE = YES;
				CLANG_WARN__DUPLICATE_METHOD_MATCH = YES;
				"CODE_SIGN_IDENTITY[sdk=iphoneos*]" = "iPhone Developer";
				COPY_PHASE_STRIP = NO;
				DEBUG_INFORMATION_FORMAT = dwarf;
				ENABLE_STRICT_OBJC_MSGSEND = YES;
				ENABLE_TESTABILITY = YES;
				GCC_C_LANGUAGE_STANDARD = gnu99;
				GCC_DYNAMIC_NO_PIC = NO;
				GCC_NO_COMMON_BLOCKS = YES;
				GCC_OPTIMIZATION_LEVEL = 0;
				GCC_PREPROCESSOR_DEFINITIONS = (
					"DEBUG=1",
					"$(inherited)",
				);
				GCC_WARN_64_TO_32_BIT_CONVERSION = YES;
				GCC_WARN_ABOUT_RETURN_TYPE = YES_ERROR;
				GCC_WARN_UNDECLARED_SELECTOR = YES;
				GCC_WARN_UNINITIALIZED_AUTOS = YES_AGGRESSIVE;
				GCC_WARN_UNUSED_FUNCTION = YES;
				GCC_WARN_UNUSED_VARIABLE = YES;
				IPHONEOS_DEPLOYMENT_TARGET = 9.0;
				MTL_ENABLE_DEBUG_INFO = YES;
				ONLY_ACTIVE_ARCH = YES;
				SDKROOT = iphoneos;
				TARGETED_DEVICE_FAMILY = "1,2";
			};
			name = Debug;
		};
		A35D75FF1BF46ECB00BD7CB7 /* Release */ = {
			isa = XCBuildConfiguration;
			buildSettings = {
				ALWAYS_SEARCH_USER_PATHS = NO;
				CLANG_CXX_LANGUAGE_STANDARD = "gnu++0x";
				CLANG_CXX_LIBRARY = "libc++";
				CLANG_ENABLE_MODULES = YES;
				CLANG_ENABLE_OBJC_ARC = YES;
				CLANG_WARN_BOOL_CONVERSION = YES;
				CLANG_WARN_CONSTANT_CONVERSION = YES;
				CLANG_WARN_DIRECT_OBJC_ISA_USAGE = YES_ERROR;
				CLANG_WARN_EMPTY_BODY = YES;
				CLANG_WARN_ENUM_CONVERSION = YES;
				CLANG_WARN_INT_CONVERSION = YES;
				CLANG_WARN_OBJC_ROOT_CLASS = YES_ERROR;
				CLANG_WARN_UNREACHABLE_CODE = YES;
				CLANG_WARN__DUPLICATE_METHOD_MATCH = YES;
				"CODE_SIGN_IDENTITY[sdk=iphoneos*]" = "iPhone Developer";
				COPY_PHASE_STRIP = NO;
				DEBUG_INFORMATION_FORMAT = "dwarf-with-dsym";
				ENABLE_NS_ASSERTIONS = NO;
				ENABLE_STRICT_OBJC_MSGSEND = YES;
				GCC_C_LANGUAGE_STANDARD = gnu99;
				GCC_NO_COMMON_BLOCKS = YES;
				GCC_WARN_64_TO_32_BIT_CONVERSION = YES;
				GCC_WARN_ABOUT_RETURN_TYPE = YES_ERROR;
				GCC_WARN_UNDECLARED_SELECTOR = YES;
				GCC_WARN_UNINITIALIZED_AUTOS = YES_AGGRESSIVE;
				GCC_WARN_UNUSED_FUNCTION = YES;
				GCC_WARN_UNUSED_VARIABLE = YES;
				IPHONEOS_DEPLOYMENT_TARGET = 9.0;
				MTL_ENABLE_DEBUG_INFO = NO;
				SDKROOT = iphoneos;
				TARGETED_DEVICE_FAMILY = "1,2";
				VALIDATE_PRODUCT = YES;
			};
			name = Release;
		};
		A35D76011BF46ECB00BD7CB7 /* Debug */ = {
			isa = XCBuildConfiguration;
			buildSettings = {
				ASSETCATALOG_COMPILER_APPICON_NAME = AppIcon;
				INFOPLIST_FILE = "自定义类似AlertViewController的效果/Info.plist";
				LD_RUNPATH_SEARCH_PATHS = "$(inherited) @executable_path/Frameworks";
				PRODUCT_BUNDLE_IDENTIFIER = "sunny.-----AlertViewController---";
				PRODUCT_NAME = "$(TARGET_NAME)";
			};
			name = Debug;
		};
		A35D76021BF46ECB00BD7CB7 /* Release */ = {
			isa = XCBuildConfiguration;
			buildSettings = {
				ASSETCATALOG_COMPILER_APPICON_NAME = AppIcon;
				INFOPLIST_FILE = "自定义类似AlertViewController的效果/Info.plist";
				LD_RUNPATH_SEARCH_PATHS = "$(inherited) @executable_path/Frameworks";
				PRODUCT_BUNDLE_IDENTIFIER = "sunny.-----AlertViewController---";
				PRODUCT_NAME = "$(TARGET_NAME)";
			};
			name = Release;
		};
/* End XCBuildConfiguration section */

/* Begin XCConfigurationList section */
		A35D75E41BF46ECB00BD7CB7 /* Build configuration list for PBXProject "自定义类似AlertViewController的效果" */ = {
			isa = XCConfigurationList;
			buildConfigurations = (
				A35D75FE1BF46ECB00BD7CB7 /* Debug */,
				A35D75FF1BF46ECB00BD7CB7 /* Release */,
			);
			defaultConfigurationIsVisible = 0;
			defaultConfigurationName = Release;
		};
		A35D76001BF46ECB00BD7CB7 /* Build configuration list for PBXNativeTarget "自定义类似AlertViewController的效果" */ = {
			isa = XCConfigurationList;
			buildConfigurations = (
				A35D76011BF46ECB00BD7CB7 /* Debug */,
				A35D76021BF46ECB00BD7CB7 /* Release */,
			);
			defaultConfigurationIsVisible = 0;
		};
/* End XCConfigurationList section */
	};
	rootObject = A35D75E11BF46ECB00BD7CB7 /* Project object */;
}
